// !$*UTF8*$!
{
	archiveVersion = 1;
	classes = {
	};
	objectVersion = 50;
	objects = {

/* Begin PBXBuildFile section */
		1489B21B2230B00800825C7B /* XACrystallization.cpp in Sources */ = {isa = PBXBuildFile; fileRef = 1489B20C2230B00800825C7B /* XACrystallization.cpp */; settings = {COMPILER_FLAGS = "-fno-objc-arc"; }; };
		1489B21C2230B00800825C7B /* XACExtensions.h in Headers */ = {isa = PBXBuildFile; fileRef = 1489B20D2230B00800825C7B /* XACExtensions.h */; settings = {ATTRIBUTES = (Public, ); }; };
		1489B21D2230B00800825C7B /* XAWeaveHandler.h in Headers */ = {isa = PBXBuildFile; fileRef = 1489B20E2230B00800825C7B /* XAWeaveHandler.h */; settings = {ATTRIBUTES = (Public, ); }; };
		1489B21E2230B00800825C7B /* XAWeaveHandler.cpp in Sources */ = {isa = PBXBuildFile; fileRef = 1489B20F2230B00800825C7B /* XAWeaveHandler.cpp */; settings = {COMPILER_FLAGS = "-fno-objc-arc"; }; };
		1489B21F2230B00800825C7B /* XACrystallization.h in Headers */ = {isa = PBXBuildFile; fileRef = 1489B2102230B00800825C7B /* XACrystallization.h */; settings = {ATTRIBUTES = (Public, ); }; };
		1489B2202230B00800825C7B /* XACExtensions.c in Sources */ = {isa = PBXBuildFile; fileRef = 1489B2112230B00800825C7B /* XACExtensions.c */; settings = {COMPILER_FLAGS = "-fno-objc-arc"; }; };
		1489B2212230B00800825C7B /* XAspect.h in Headers */ = {isa = PBXBuildFile; fileRef = 1489B2122230B00800825C7B /* XAspect.h */; settings = {ATTRIBUTES = (Public, ); }; };
		1489B2242230B00800825C7B /* XAExtObjcMetamacros.h in Headers */ = {isa = PBXBuildFile; fileRef = 1489B2172230B00800825C7B /* XAExtObjcMetamacros.h */; settings = {ATTRIBUTES = (Public, ); }; };
		1489B2252230B00800825C7B /* XAFoundation.h in Headers */ = {isa = PBXBuildFile; fileRef = 1489B2182230B00800825C7B /* XAFoundation.h */; settings = {ATTRIBUTES = (Public, ); }; };
		1489B2262230B00800825C7B /* XADebugMacros.h in Headers */ = {isa = PBXBuildFile; fileRef = 1489B2192230B00800825C7B /* XADebugMacros.h */; settings = {ATTRIBUTES = (Public, ); }; };
		1489B2272230B00800825C7B /* XAObjcMetaprogramming.h in Headers */ = {isa = PBXBuildFile; fileRef = 1489B21A2230B00800825C7B /* XAObjcMetaprogramming.h */; settings = {ATTRIBUTES = (Public, ); }; };
		1489B22A2230B14400825C7B /* Foundation.framework in Frameworks */ = {isa = PBXBuildFile; fileRef = 1489B2292230B14400825C7B /* Foundation.framework */; };
		1489B23C2230C1DC00825C7B /* AppDelegate.m in Sources */ = {isa = PBXBuildFile; fileRef = 1489B23B2230C1DC00825C7B /* AppDelegate.m */; };
		1489B23F2230C1DC00825C7B /* ViewController.m in Sources */ = {isa = PBXBuildFile; fileRef = 1489B23E2230C1DC00825C7B /* ViewController.m */; };
		1489B2422230C1DC00825C7B /* Main.storyboard in Resources */ = {isa = PBXBuildFile; fileRef = 1489B2402230C1DC00825C7B /* Main.storyboard */; };
		1489B2442230C1DD00825C7B /* Assets.xcassets in Resources */ = {isa = PBXBuildFile; fileRef = 1489B2432230C1DD00825C7B /* Assets.xcassets */; };
		1489B2472230C1DD00825C7B /* LaunchScreen.storyboard in Resources */ = {isa = PBXBuildFile; fileRef = 1489B2452230C1DD00825C7B /* LaunchScreen.storyboard */; };
		1489B24A2230C1DD00825C7B /* main.m in Sources */ = {isa = PBXBuildFile; fileRef = 1489B2492230C1DD00825C7B /* main.m */; };
		1489B2542230C1DD00825C7B /* XAspectDemoUITests.m in Sources */ = {isa = PBXBuildFile; fileRef = 1489B2532230C1DD00825C7B /* XAspectDemoUITests.m */; };
		1489B25D2230C20000825C7B /* Aspect-ObjectAllocation.m in Sources */ = {isa = PBXBuildFile; fileRef = 1489B25C2230C20000825C7B /* Aspect-ObjectAllocation.m */; };
		1489B25E2230C2EF00825C7B /* XAspect.framework in Frameworks */ = {isa = PBXBuildFile; fileRef = 1489B2002230AFDC00825C7B /* XAspect.framework */; };
		1489B25F2230C2EF00825C7B /* XAspect.framework in Embed Frameworks */ = {isa = PBXBuildFile; fileRef = 1489B2002230AFDC00825C7B /* XAspect.framework */; settings = {ATTRIBUTES = (CodeSignOnCopy, RemoveHeadersOnCopy, ); }; };
		1489B2642230C3B500825C7B /* libc++.tbd in Frameworks */ = {isa = PBXBuildFile; fileRef = 1489B2632230C3B500825C7B /* libc++.tbd */; };
/* End PBXBuildFile section */

/* Begin PBXContainerItemProxy section */
		1489B2502230C1DD00825C7B /* PBXContainerItemProxy */ = {
			isa = PBXContainerItemProxy;
			containerPortal = 1489B1F72230AFDC00825C7B /* Project object */;
			proxyType = 1;
			remoteGlobalIDString = 1489B2372230C1DC00825C7B;
			remoteInfo = XAspectDemo;
		};
		1489B2602230C2EF00825C7B /* PBXContainerItemProxy */ = {
			isa = PBXContainerItemProxy;
			containerPortal = 1489B1F72230AFDC00825C7B /* Project object */;
			proxyType = 1;
			remoteGlobalIDString = 1489B1FF2230AFDC00825C7B;
			remoteInfo = XAspect;
		};
/* End PBXContainerItemProxy section */

/* Begin PBXCopyFilesBuildPhase section */
		1489B2622230C2EF00825C7B /* Embed Frameworks */ = {
			isa = PBXCopyFilesBuildPhase;
			buildActionMask = 2147483647;
			dstPath = "";
			dstSubfolderSpec = 10;
			files = (
				1489B25F2230C2EF00825C7B /* XAspect.framework in Embed Frameworks */,
			);
			name = "Embed Frameworks";
			runOnlyForDeploymentPostprocessing = 0;
		};
/* End PBXCopyFilesBuildPhase section */

/* Begin PBXFileReference section */
		1489B2002230AFDC00825C7B /* XAspect.framework */ = {isa = PBXFileReference; explicitFileType = wrapper.framework; includeInIndex = 0; path = XAspect.framework; sourceTree = BUILT_PRODUCTS_DIR; };
		1489B2042230AFDC00825C7B /* Info.plist */ = {isa = PBXFileReference; lastKnownFileType = text.plist.xml; path = Info.plist; sourceTree = "<group>"; };
		1489B20C2230B00800825C7B /* XACrystallization.cpp */ = {isa = PBXFileReference; fileEncoding = 4; lastKnownFileType = sourcecode.cpp.cpp; path = XACrystallization.cpp; sourceTree = "<group>"; };
		1489B20D2230B00800825C7B /* XACExtensions.h */ = {isa = PBXFileReference; fileEncoding = 4; lastKnownFileType = sourcecode.c.h; path = XACExtensions.h; sourceTree = "<group>"; };
		1489B20E2230B00800825C7B /* XAWeaveHandler.h */ = {isa = PBXFileReference; fileEncoding = 4; lastKnownFileType = sourcecode.c.h; path = XAWeaveHandler.h; sourceTree = "<group>"; };
		1489B20F2230B00800825C7B /* XAWeaveHandler.cpp */ = {isa = PBXFileReference; fileEncoding = 4; lastKnownFileType = sourcecode.cpp.cpp; path = XAWeaveHandler.cpp; sourceTree = "<group>"; };
		1489B2102230B00800825C7B /* XACrystallization.h */ = {isa = PBXFileReference; fileEncoding = 4; lastKnownFileType = sourcecode.c.h; path = XACrystallization.h; sourceTree = "<group>"; };
		1489B2112230B00800825C7B /* XACExtensions.c */ = {isa = PBXFileReference; fileEncoding = 4; lastKnownFileType = sourcecode.c.c; path = XACExtensions.c; sourceTree = "<group>"; };
		1489B2122230B00800825C7B /* XAspect.h */ = {isa = PBXFileReference; fileEncoding = 4; lastKnownFileType = sourcecode.c.h; name = XAspect.h; path = ../../XAspect/XAspect.h; sourceTree = "<group>"; };
		1489B2172230B00800825C7B /* XAExtObjcMetamacros.h */ = {isa = PBXFileReference; fileEncoding = 4; lastKnownFileType = sourcecode.c.h; path = XAExtObjcMetamacros.h; sourceTree = "<group>"; };
		1489B2182230B00800825C7B /* XAFoundation.h */ = {isa = PBXFileReference; fileEncoding = 4; lastKnownFileType = sourcecode.c.h; path = XAFoundation.h; sourceTree = "<group>"; };
		1489B2192230B00800825C7B /* XADebugMacros.h */ = {isa = PBXFileReference; fileEncoding = 4; lastKnownFileType = sourcecode.c.h; path = XADebugMacros.h; sourceTree = "<group>"; };
		1489B21A2230B00800825C7B /* XAObjcMetaprogramming.h */ = {isa = PBXFileReference; fileEncoding = 4; lastKnownFileType = sourcecode.c.h; path = XAObjcMetaprogramming.h; sourceTree = "<group>"; };
		1489B2292230B14400825C7B /* Foundation.framework */ = {isa = PBXFileReference; lastKnownFileType = wrapper.framework; name = Foundation.framework; path = System/Library/Frameworks/Foundation.framework; sourceTree = SDKROOT; };
		1489B2382230C1DC00825C7B /* XAspectDemo.app */ = {isa = PBXFileReference; explicitFileType = wrapper.application; includeInIndex = 0; path = XAspectDemo.app; sourceTree = BUILT_PRODUCTS_DIR; };
		1489B23A2230C1DC00825C7B /* AppDelegate.h */ = {isa = PBXFileReference; lastKnownFileType = sourcecode.c.h; path = AppDelegate.h; sourceTree = "<group>"; };
		1489B23B2230C1DC00825C7B /* AppDelegate.m */ = {isa = PBXFileReference; lastKnownFileType = sourcecode.c.objc; path = AppDelegate.m; sourceTree = "<group>"; };
		1489B23D2230C1DC00825C7B /* ViewController.h */ = {isa = PBXFileReference; lastKnownFileType = sourcecode.c.h; path = ViewController.h; sourceTree = "<group>"; };
		1489B23E2230C1DC00825C7B /* ViewController.m */ = {isa = PBXFileReference; lastKnownFileType = sourcecode.c.objc; path = ViewController.m; sourceTree = "<group>"; };
		1489B2412230C1DC00825C7B /* Base */ = {isa = PBXFileReference; lastKnownFileType = file.storyboard; name = Base; path = Base.lproj/Main.storyboard; sourceTree = "<group>"; };
		1489B2432230C1DD00825C7B /* Assets.xcassets */ = {isa = PBXFileReference; lastKnownFileType = folder.assetcatalog; path = Assets.xcassets; sourceTree = "<group>"; };
		1489B2462230C1DD00825C7B /* Base */ = {isa = PBXFileReference; lastKnownFileType = file.storyboard; name = Base; path = Base.lproj/LaunchScreen.storyboard; sourceTree = "<group>"; };
		1489B2482230C1DD00825C7B /* Info.plist */ = {isa = PBXFileReference; lastKnownFileType = text.plist.xml; path = Info.plist; sourceTree = "<group>"; };
		1489B2492230C1DD00825C7B /* main.m */ = {isa = PBXFileReference; lastKnownFileType = sourcecode.c.objc; path = main.m; sourceTree = "<group>"; };
		1489B24F2230C1DD00825C7B /* XAspectDemoUITests.xctest */ = {isa = PBXFileReference; explicitFileType = wrapper.cfbundle; includeInIndex = 0; path = XAspectDemoUITests.xctest; sourceTree = BUILT_PRODUCTS_DIR; };
		1489B2532230C1DD00825C7B /* XAspectDemoUITests.m */ = {isa = PBXFileReference; lastKnownFileType = sourcecode.c.objc; path = XAspectDemoUITests.m; sourceTree = "<group>"; };
		1489B2552230C1DD00825C7B /* Info.plist */ = {isa = PBXFileReference; lastKnownFileType = text.plist.xml; path = Info.plist; sourceTree = "<group>"; };
		1489B25C2230C20000825C7B /* Aspect-ObjectAllocation.m */ = {isa = PBXFileReference; fileEncoding = 4; lastKnownFileType = sourcecode.c.objc; name = "Aspect-ObjectAllocation.m"; path = "../../XAspectDev/XAspectDev/Aspects/Aspect-ObjectAllocation.m"; sourceTree = "<group>"; };
		1489B2632230C3B500825C7B /* libc++.tbd */ = {isa = PBXFileReference; lastKnownFileType = "sourcecode.text-based-dylib-definition"; name = "libc++.tbd"; path = "usr/lib/libc++.tbd"; sourceTree = SDKROOT; };
/* End PBXFileReference section */

/* Begin PBXFrameworksBuildPhase section */
		1489B1FD2230AFDC00825C7B /* Frameworks */ = {
			isa = PBXFrameworksBuildPhase;
			buildActionMask = 2147483647;
			files = (
				1489B22A2230B14400825C7B /* Foundation.framework in Frameworks */,
			);
			runOnlyForDeploymentPostprocessing = 0;
		};
		1489B2352230C1DC00825C7B /* Frameworks */ = {
			isa = PBXFrameworksBuildPhase;
			buildActionMask = 2147483647;
			files = (
				1489B2642230C3B500825C7B /* libc++.tbd in Frameworks */,
				1489B25E2230C2EF00825C7B /* XAspect.framework in Frameworks */,
			);
			runOnlyForDeploymentPostprocessing = 0;
		};
		1489B24C2230C1DD00825C7B /* Frameworks */ = {
			isa = PBXFrameworksBuildPhase;
			buildActionMask = 2147483647;
			files = (
			);
			runOnlyForDeploymentPostprocessing = 0;
		};
/* End PBXFrameworksBuildPhase section */

/* Begin PBXGroup section */
		1489B1F62230AFDC00825C7B = {
			isa = PBXGroup;
			children = (
				1489B2022230AFDC00825C7B /* XAspect */,
				1489B2392230C1DC00825C7B /* XAspectDemo */,
				1489B2522230C1DD00825C7B /* XAspectDemoUITests */,
				1489B2012230AFDC00825C7B /* Products */,
				1489B2282230B14400825C7B /* Frameworks */,
			);
			sourceTree = "<group>";
		};
		1489B2012230AFDC00825C7B /* Products */ = {
			isa = PBXGroup;
			children = (
				1489B2002230AFDC00825C7B /* XAspect.framework */,
				1489B2382230C1DC00825C7B /* XAspectDemo.app */,
				1489B24F2230C1DD00825C7B /* XAspectDemoUITests.xctest */,
			);
			name = Products;
			sourceTree = "<group>";
		};
		1489B2022230AFDC00825C7B /* XAspect */ = {
			isa = PBXGroup;
			children = (
				1489B20B2230B00800825C7B /* Core */,
				1489B2162230B00800825C7B /* Macros */,
				1489B2122230B00800825C7B /* XAspect.h */,
				1489B2042230AFDC00825C7B /* Info.plist */,
			);
			path = XAspect;
			sourceTree = "<group>";
		};
		1489B20B2230B00800825C7B /* Core */ = {
			isa = PBXGroup;
			children = (
				1489B20C2230B00800825C7B /* XACrystallization.cpp */,
				1489B20D2230B00800825C7B /* XACExtensions.h */,
				1489B20E2230B00800825C7B /* XAWeaveHandler.h */,
				1489B20F2230B00800825C7B /* XAWeaveHandler.cpp */,
				1489B2102230B00800825C7B /* XACrystallization.h */,
				1489B2112230B00800825C7B /* XACExtensions.c */,
			);
			name = Core;
			path = ../../XAspect/Core;
			sourceTree = "<group>";
		};
		1489B2162230B00800825C7B /* Macros */ = {
			isa = PBXGroup;
			children = (
				1489B2172230B00800825C7B /* XAExtObjcMetamacros.h */,
				1489B2182230B00800825C7B /* XAFoundation.h */,
				1489B2192230B00800825C7B /* XADebugMacros.h */,
				1489B21A2230B00800825C7B /* XAObjcMetaprogramming.h */,
			);
			name = Macros;
			path = ../../XAspect/Macros;
			sourceTree = "<group>";
		};
		1489B2282230B14400825C7B /* Frameworks */ = {
			isa = PBXGroup;
			children = (
				1489B2632230C3B500825C7B /* libc++.tbd */,
				1489B2292230B14400825C7B /* Foundation.framework */,
			);
			name = Frameworks;
			sourceTree = "<group>";
		};
		1489B2392230C1DC00825C7B /* XAspectDemo */ = {
			isa = PBXGroup;
			children = (
				1489B23A2230C1DC00825C7B /* AppDelegate.h */,
				1489B23B2230C1DC00825C7B /* AppDelegate.m */,
				1489B25C2230C20000825C7B /* Aspect-ObjectAllocation.m */,
				1489B23D2230C1DC00825C7B /* ViewController.h */,
				1489B23E2230C1DC00825C7B /* ViewController.m */,
				1489B2402230C1DC00825C7B /* Main.storyboard */,
				1489B2432230C1DD00825C7B /* Assets.xcassets */,
				1489B2452230C1DD00825C7B /* LaunchScreen.storyboard */,
				1489B2482230C1DD00825C7B /* Info.plist */,
				1489B2492230C1DD00825C7B /* main.m */,
			);
			path = XAspectDemo;
			sourceTree = "<group>";
		};
		1489B2522230C1DD00825C7B /* XAspectDemoUITests */ = {
			isa = PBXGroup;
			children = (
				1489B2532230C1DD00825C7B /* XAspectDemoUITests.m */,
				1489B2552230C1DD00825C7B /* Info.plist */,
			);
			path = XAspectDemoUITests;
			sourceTree = "<group>";
		};
/* End PBXGroup section */

/* Begin PBXHeadersBuildPhase section */
		1489B1FB2230AFDC00825C7B /* Headers */ = {
			isa = PBXHeadersBuildPhase;
			buildActionMask = 2147483647;
			files = (
				1489B2242230B00800825C7B /* XAExtObjcMetamacros.h in Headers */,
				1489B21D2230B00800825C7B /* XAWeaveHandler.h in Headers */,
				1489B2272230B00800825C7B /* XAObjcMetaprogramming.h in Headers */,
				1489B2262230B00800825C7B /* XADebugMacros.h in Headers */,
				1489B2252230B00800825C7B /* XAFoundation.h in Headers */,
				1489B21F2230B00800825C7B /* XACrystallization.h in Headers */,
				1489B21C2230B00800825C7B /* XACExtensions.h in Headers */,
				1489B2212230B00800825C7B /* XAspect.h in Headers */,
			);
			runOnlyForDeploymentPostprocessing = 0;
		};
/* End PBXHeadersBuildPhase section */

/* Begin PBXNativeTarget section */
		1489B1FF2230AFDC00825C7B /* XAspect */ = {
			isa = PBXNativeTarget;
			buildConfigurationList = 1489B2082230AFDC00825C7B /* Build configuration list for PBXNativeTarget "XAspect" */;
			buildPhases = (
				1489B1FB2230AFDC00825C7B /* Headers */,
				1489B1FC2230AFDC00825C7B /* Sources */,
				1489B1FD2230AFDC00825C7B /* Frameworks */,
				1489B1FE2230AFDC00825C7B /* Resources */,
			);
			buildRules = (
			);
			dependencies = (
			);
			name = XAspect;
			productName = XAspectKit;
			productReference = 1489B2002230AFDC00825C7B /* XAspect.framework */;
			productType = "com.apple.product-type.framework";
		};
		1489B2372230C1DC00825C7B /* XAspectDemo */ = {
			isa = PBXNativeTarget;
			buildConfigurationList = 1489B25A2230C1DD00825C7B /* Build configuration list for PBXNativeTarget "XAspectDemo" */;
			buildPhases = (
				1489B2342230C1DC00825C7B /* Sources */,
				1489B2352230C1DC00825C7B /* Frameworks */,
				1489B2362230C1DC00825C7B /* Resources */,
				1489B2622230C2EF00825C7B /* Embed Frameworks */,
			);
			buildRules = (
			);
			dependencies = (
				1489B2612230C2EF00825C7B /* PBXTargetDependency */,
			);
			name = XAspectDemo;
			productName = XAspectDemo;
			productReference = 1489B2382230C1DC00825C7B /* XAspectDemo.app */;
			productType = "com.apple.product-type.application";
		};
		1489B24E2230C1DD00825C7B /* XAspectDemoUITests */ = {
			isa = PBXNativeTarget;
			buildConfigurationList = 1489B25B2230C1DD00825C7B /* Build configuration list for PBXNativeTarget "XAspectDemoUITests" */;
			buildPhases = (
				1489B24B2230C1DD00825C7B /* Sources */,
				1489B24C2230C1DD00825C7B /* Frameworks */,
				1489B24D2230C1DD00825C7B /* Resources */,
			);
			buildRules = (
			);
			dependencies = (
				1489B2512230C1DD00825C7B /* PBXTargetDependency */,
			);
			name = XAspectDemoUITests;
			productName = XAspectDemoUITests;
			productReference = 1489B24F2230C1DD00825C7B /* XAspectDemoUITests.xctest */;
			productType = "com.apple.product-type.bundle.ui-testing";
		};
/* End PBXNativeTarget section */

/* Begin PBXProject section */
		1489B1F72230AFDC00825C7B /* Project object */ = {
			isa = PBXProject;
			attributes = {
				LastUpgradeCheck = 1010;
				ORGANIZATIONNAME = "HSBC Holdings plc";
				TargetAttributes = {
					1489B1FF2230AFDC00825C7B = {
						CreatedOnToolsVersion = 10.1;
					};
					1489B2372230C1DC00825C7B = {
						CreatedOnToolsVersion = 10.1;
					};
					1489B24E2230C1DD00825C7B = {
						CreatedOnToolsVersion = 10.1;
						TestTargetID = 1489B2372230C1DC00825C7B;
					};
				};
			};
			buildConfigurationList = 1489B1FA2230AFDC00825C7B /* Build configuration list for PBXProject "XAspect" */;
			compatibilityVersion = "Xcode 9.3";
			developmentRegion = en;
			hasScannedForEncodings = 0;
			knownRegions = (
				en,
				Base,
			);
			mainGroup = 1489B1F62230AFDC00825C7B;
			productRefGroup = 1489B2012230AFDC00825C7B /* Products */;
			projectDirPath = "";
			projectRoot = "";
			targets = (
				1489B1FF2230AFDC00825C7B /* XAspect */,
				1489B2372230C1DC00825C7B /* XAspectDemo */,
				1489B24E2230C1DD00825C7B /* XAspectDemoUITests */,
			);
		};
/* End PBXProject section */

/* Begin PBXResourcesBuildPhase section */
		1489B1FE2230AFDC00825C7B /* Resources */ = {
			isa = PBXResourcesBuildPhase;
			buildActionMask = 2147483647;
			files = (
			);
			runOnlyForDeploymentPostprocessing = 0;
		};
		1489B2362230C1DC00825C7B /* Resources */ = {
			isa = PBXResourcesBuildPhase;
			buildActionMask = 2147483647;
			files = (
				1489B2472230C1DD00825C7B /* LaunchScreen.storyboard in Resources */,
				1489B2442230C1DD00825C7B /* Assets.xcassets in Resources */,
				1489B2422230C1DC00825C7B /* Main.storyboard in Resources */,
			);
			runOnlyForDeploymentPostprocessing = 0;
		};
		1489B24D2230C1DD00825C7B /* Resources */ = {
			isa = PBXResourcesBuildPhase;
			buildActionMask = 2147483647;
			files = (
			);
			runOnlyForDeploymentPostprocessing = 0;
		};
/* End PBXResourcesBuildPhase section */

/* Begin PBXSourcesBuildPhase section */
		1489B1FC2230AFDC00825C7B /* Sources */ = {
			isa = PBXSourcesBuildPhase;
			buildActionMask = 2147483647;
			files = (
				1489B21E2230B00800825C7B /* XAWeaveHandler.cpp in Sources */,
				1489B21B2230B00800825C7B /* XACrystallization.cpp in Sources */,
				1489B2202230B00800825C7B /* XACExtensions.c in Sources */,
			);
			runOnlyForDeploymentPostprocessing = 0;
		};
		1489B2342230C1DC00825C7B /* Sources */ = {
			isa = PBXSourcesBuildPhase;
			buildActionMask = 2147483647;
			files = (
				1489B23F2230C1DC00825C7B /* ViewController.m in Sources */,
				1489B24A2230C1DD00825C7B /* main.m in Sources */,
				1489B25D2230C20000825C7B /* Aspect-ObjectAllocation.m in Sources */,
				1489B23C2230C1DC00825C7B /* AppDelegate.m in Sources */,
			);
			runOnlyForDeploymentPostprocessing = 0;
		};
		1489B24B2230C1DD00825C7B /* Sources */ = {
			isa = PBXSourcesBuildPhase;
			buildActionMask = 2147483647;
			files = (
				1489B2542230C1DD00825C7B /* XAspectDemoUITests.m in Sources */,
			);
			runOnlyForDeploymentPostprocessing = 0;
		};
/* End PBXSourcesBuildPhase section */

/* Begin PBXTargetDependency section */
		1489B2512230C1DD00825C7B /* PBXTargetDependency */ = {
			isa = PBXTargetDependency;
			target = 1489B2372230C1DC00825C7B /* XAspectDemo */;
			targetProxy = 1489B2502230C1DD00825C7B /* PBXContainerItemProxy */;
		};
		1489B2612230C2EF00825C7B /* PBXTargetDependency */ = {
			isa = PBXTargetDependency;
			target = 1489B1FF2230AFDC00825C7B /* XAspect */;
			targetProxy = 1489B2602230C2EF00825C7B /* PBXContainerItemProxy */;
		};
/* End PBXTargetDependency section */

/* Begin PBXVariantGroup section */
		1489B2402230C1DC00825C7B /* Main.storyboard */ = {
			isa = PBXVariantGroup;
			children = (
				1489B2412230C1DC00825C7B /* Base */,
			);
			name = Main.storyboard;
			sourceTree = "<group>";
		};
		1489B2452230C1DD00825C7B /* LaunchScreen.storyboard */ = {
			isa = PBXVariantGroup;
			children = (
				1489B2462230C1DD00825C7B /* Base */,
			);
			name = LaunchScreen.storyboard;
			sourceTree = "<group>";
		};
/* End PBXVariantGroup section */

/* Begin XCBuildConfiguration section */
		1489B2062230AFDC00825C7B /* Debug */ = {
			isa = XCBuildConfiguration;
			buildSettings = {
				ALWAYS_SEARCH_USER_PATHS = NO;
				CLANG_ANALYZER_NONNULL = YES;
				CLANG_ANALYZER_NUMBER_OBJECT_CONVERSION = YES_AGGRESSIVE;
				CLANG_CXX_LANGUAGE_STANDARD = "gnu++14";
				CLANG_CXX_LIBRARY = "libc++";
				CLANG_ENABLE_MODULES = YES;
				CLANG_ENABLE_OBJC_ARC = YES;
				CLANG_ENABLE_OBJC_WEAK = YES;
				CLANG_WARN_BLOCK_CAPTURE_AUTORELEASING = YES;
				CLANG_WARN_BOOL_CONVERSION = YES;
				CLANG_WARN_COMMA = YES;
				CLANG_WARN_CONSTANT_CONVERSION = YES;
				CLANG_WARN_DEPRECATED_OBJC_IMPLEMENTATIONS = YES;
				CLANG_WARN_DIRECT_OBJC_ISA_USAGE = YES_ERROR;
				CLANG_WARN_DOCUMENTATION_COMMENTS = YES;
				CLANG_WARN_EMPTY_BODY = YES;
				CLANG_WARN_ENUM_CONVERSION = YES;
				CLANG_WARN_INFINITE_RECURSION = YES;
				CLANG_WARN_INT_CONVERSION = YES;
				CLANG_WARN_NON_LITERAL_NULL_CONVERSION = YES;
				CLANG_WARN_OBJC_IMPLICIT_RETAIN_SELF = YES;
				CLANG_WARN_OBJC_LITERAL_CONVERSION = YES;
				CLANG_WARN_OBJC_ROOT_CLASS = YES_ERROR;
				CLANG_WARN_RANGE_LOOP_ANALYSIS = YES;
				CLANG_WARN_STRICT_PROTOTYPES = YES;
				CLANG_WARN_SUSPICIOUS_MOVE = YES;
				CLANG_WARN_UNGUARDED_AVAILABILITY = YES_AGGRESSIVE;
				CLANG_WARN_UNREACHABLE_CODE = YES;
				CLANG_WARN__DUPLICATE_METHOD_MATCH = YES;
				CODE_SIGN_IDENTITY = "iPhone Developer";
				COPY_PHASE_STRIP = NO;
				CURRENT_PROJECT_VERSION = 1;
				DEBUG_INFORMATION_FORMAT = dwarf;
				ENABLE_STRICT_OBJC_MSGSEND = YES;
				ENABLE_TESTABILITY = YES;
				GCC_C_LANGUAGE_STANDARD = gnu11;
				GCC_DYNAMIC_NO_PIC = NO;
				GCC_NO_COMMON_BLOCKS = YES;
				GCC_OPTIMIZATION_LEVEL = 0;
				GCC_PREPROCESSOR_DEFINITIONS = (
					"DEBUG=1",
					"$(inherited)",
				);
				GCC_WARN_64_TO_32_BIT_CONVERSION = YES;
				GCC_WARN_ABOUT_RETURN_TYPE = YES_ERROR;
				GCC_WARN_UNDECLARED_SELECTOR = YES;
				GCC_WARN_UNINITIALIZED_AUTOS = YES_AGGRESSIVE;
				GCC_WARN_UNUSED_FUNCTION = YES;
				GCC_WARN_UNUSED_VARIABLE = YES;
				IPHONEOS_DEPLOYMENT_TARGET = 12.1;
				MTL_ENABLE_DEBUG_INFO = INCLUDE_SOURCE;
				MTL_FAST_MATH = YES;
				ONLY_ACTIVE_ARCH = YES;
				SDKROOT = iphoneos;
				VERSIONING_SYSTEM = "apple-generic";
				VERSION_INFO_PREFIX = "";
			};
			name = Debug;
		};
		1489B2072230AFDC00825C7B /* Release */ = {
			isa = XCBuildConfiguration;
			buildSettings = {
				ALWAYS_SEARCH_USER_PATHS = NO;
				CLANG_ANALYZER_NONNULL = YES;
				CLANG_ANALYZER_NUMBER_OBJECT_CONVERSION = YES_AGGRESSIVE;
				CLANG_CXX_LANGUAGE_STANDARD = "gnu++14";
				CLANG_CXX_LIBRARY = "libc++";
				CLANG_ENABLE_MODULES = YES;
				CLANG_ENABLE_OBJC_ARC = YES;
				CLANG_ENABLE_OBJC_WEAK = YES;
				CLANG_WARN_BLOCK_CAPTURE_AUTORELEASING = YES;
				CLANG_WARN_BOOL_CONVERSION = YES;
				CLANG_WARN_COMMA = YES;
				CLANG_WARN_CONSTANT_CONVERSION = YES;
				CLANG_WARN_DEPRECATED_OBJC_IMPLEMENTATIONS = YES;
				CLANG_WARN_DIRECT_OBJC_ISA_USAGE = YES_ERROR;
				CLANG_WARN_DOCUMENTATION_COMMENTS = YES;
				CLANG_WARN_EMPTY_BODY = YES;
				CLANG_WARN_ENUM_CONVERSION = YES;
				CLANG_WARN_INFINITE_RECURSION = YES;
				CLANG_WARN_INT_CONVERSION = YES;
				CLANG_WARN_NON_LITERAL_NULL_CONVERSION = YES;
				CLANG_WARN_OBJC_IMPLICIT_RETAIN_SELF = YES;
				CLANG_WARN_OBJC_LITERAL_CONVERSION = YES;
				CLANG_WARN_OBJC_ROOT_CLASS = YES_ERROR;
				CLANG_WARN_RANGE_LOOP_ANALYSIS = YES;
				CLANG_WARN_STRICT_PROTOTYPES = YES;
				CLANG_WARN_SUSPICIOUS_MOVE = YES;
				CLANG_WARN_UNGUARDED_AVAILABILITY = YES_AGGRESSIVE;
				CLANG_WARN_UNREACHABLE_CODE = YES;
				CLANG_WARN__DUPLICATE_METHOD_MATCH = YES;
				CODE_SIGN_IDENTITY = "iPhone Developer";
				COPY_PHASE_STRIP = NO;
				CURRENT_PROJECT_VERSION = 1;
				DEBUG_INFORMATION_FORMAT = "dwarf-with-dsym";
				ENABLE_NS_ASSERTIONS = NO;
				ENABLE_STRICT_OBJC_MSGSEND = YES;
				GCC_C_LANGUAGE_STANDARD = gnu11;
				GCC_NO_COMMON_BLOCKS = YES;
				GCC_WARN_64_TO_32_BIT_CONVERSION = YES;
				GCC_WARN_ABOUT_RETURN_TYPE = YES_ERROR;
				GCC_WARN_UNDECLARED_SELECTOR = YES;
				GCC_WARN_UNINITIALIZED_AUTOS = YES_AGGRESSIVE;
				GCC_WARN_UNUSED_FUNCTION = YES;
				GCC_WARN_UNUSED_VARIABLE = YES;
				IPHONEOS_DEPLOYMENT_TARGET = 12.1;
				MTL_ENABLE_DEBUG_INFO = NO;
				MTL_FAST_MATH = YES;
				SDKROOT = iphoneos;
				VALIDATE_PRODUCT = YES;
				VERSIONING_SYSTEM = "apple-generic";
				VERSION_INFO_PREFIX = "";
			};
			name = Release;
		};
		1489B2092230AFDC00825C7B /* Debug */ = {
			isa = XCBuildConfiguration;
			buildSettings = {
				CODE_SIGN_IDENTITY = "";
				CODE_SIGN_STYLE = Automatic;
				DEFINES_MODULE = YES;
				DEVELOPMENT_TEAM = F8ML633GQS;
				DYLIB_COMPATIBILITY_VERSION = 1;
				DYLIB_CURRENT_VERSION = 1;
				DYLIB_INSTALL_NAME_BASE = "@rpath";
				INFOPLIST_FILE = XAspect/Info.plist;
				INSTALL_PATH = "$(LOCAL_LIBRARY_DIR)/Frameworks";
				LD_RUNPATH_SEARCH_PATHS = (
					"$(inherited)",
					"@executable_path/Frameworks",
					"@loader_path/Frameworks",
				);
				MACH_O_TYPE = staticlib;
				PRODUCT_BUNDLE_IDENTIFIER = com.xaree.lee.XAspect;
				PRODUCT_NAME = "$(TARGET_NAME:c99extidentifier)";
				SKIP_INSTALL = YES;
				TARGETED_DEVICE_FAMILY = "1,2";
			};
			name = Debug;
		};
		1489B20A2230AFDC00825C7B /* Release */ = {
			isa = XCBuildConfiguration;
			buildSettings = {
				CODE_SIGN_IDENTITY = "";
				CODE_SIGN_STYLE = Automatic;
				DEFINES_MODULE = YES;
				DEVELOPMENT_TEAM = F8ML633GQS;
				DYLIB_COMPATIBILITY_VERSION = 1;
				DYLIB_CURRENT_VERSION = 1;
				DYLIB_INSTALL_NAME_BASE = "@rpath";
				INFOPLIST_FILE = XAspect/Info.plist;
				INSTALL_PATH = "$(LOCAL_LIBRARY_DIR)/Frameworks";
				LD_RUNPATH_SEARCH_PATHS = (
					"$(inherited)",
					"@executable_path/Frameworks",
					"@loader_path/Frameworks",
				);
				MACH_O_TYPE = staticlib;
				PRODUCT_BUNDLE_IDENTIFIER = com.xaree.lee.XAspect;
				PRODUCT_NAME = "$(TARGET_NAME:c99extidentifier)";
				SKIP_INSTALL = YES;
				TARGETED_DEVICE_FAMILY = "1,2";
			};
			name = Release;
		};
		1489B2562230C1DD00825C7B /* Debug */ = {
			isa = XCBuildConfiguration;
			buildSettings = {
				ASSETCATALOG_COMPILER_APPICON_NAME = AppIcon;
				CODE_SIGN_STYLE = Automatic;
				DEVELOPMENT_TEAM = F8ML633GQS;
				INFOPLIST_FILE = XAspectDemo/Info.plist;
				LD_RUNPATH_SEARCH_PATHS = (
					"$(inherited)",
					"@executable_path/Frameworks",
				);
				PRODUCT_BUNDLE_IDENTIFIER = com.hsbc.XAspectDemo;
				PRODUCT_NAME = "$(TARGET_NAME)";
				TARGETED_DEVICE_FAMILY = "1,2";
			};
			name = Debug;
		};
		1489B2572230C1DD00825C7B /* Release */ = {
			isa = XCBuildConfiguration;
			buildSettings = {
				ASSETCATALOG_COMPILER_APPICON_NAME = AppIcon;
				CODE_SIGN_STYLE = Automatic;
				DEVELOPMENT_TEAM = F8ML633GQS;
				INFOPLIST_FILE = XAspectDemo/Info.plist;
				LD_RUNPATH_SEARCH_PATHS = (
					"$(inherited)",
					"@executable_path/Frameworks",
				);
				PRODUCT_BUNDLE_IDENTIFIER = com.hsbc.XAspectDemo;
				PRODUCT_NAME = "$(TARGET_NAME)";
				TARGETED_DEVICE_FAMILY = "1,2";
			};
			name = Release;
		};
		1489B2582230C1DD00825C7B /* Debug */ = {
			isa = XCBuildConfiguration;
			buildSettings = {
				CODE_SIGN_STYLE = Automatic;
				DEVELOPMENT_TEAM = F8ML633GQS;
				INFOPLIST_FILE = XAspectDemoUITests/Info.plist;
				LD_RUNPATH_SEARCH_PATHS = (
					"$(inherited)",
					"@executable_path/Frameworks",
					"@loader_path/Frameworks",
				);
				PRODUCT_BUNDLE_IDENTIFIER = com.hsbc.XAspectDemoUITests;
				PRODUCT_NAME = "$(TARGET_NAME)";
				TARGETED_DEVICE_FAMILY = "1,2";
				TEST_TARGET_NAME = XAspectDemo;
			};
			name = Debug;
		};
		1489B2592230C1DD00825C7B /* Release */ = {
			isa = XCBuildConfiguration;
			buildSettings = {
				CODE_SIGN_STYLE = Automatic;
				DEVELOPMENT_TEAM = F8ML633GQS;
				INFOPLIST_FILE = XAspectDemoUITests/Info.plist;
				LD_RUNPATH_SEARCH_PATHS = (
					"$(inherited)",
					"@executable_path/Frameworks",
					"@loader_path/Frameworks",
				);
				PRODUCT_BUNDLE_IDENTIFIER = com.hsbc.XAspectDemoUITests;
				PRODUCT_NAME = "$(TARGET_NAME)";
				TARGETED_DEVICE_FAMILY = "1,2";
				TEST_TARGET_NAME = XAspectDemo;
			};
			name = Release;
		};
/* End XCBuildConfiguration section */

/* Begin XCConfigurationList section */
		1489B1FA2230AFDC00825C7B /* Build configuration list for PBXProject "XAspect" */ = {
			isa = XCConfigurationList;
			buildConfigurations = (
				1489B2062230AFDC00825C7B /* Debug */,
				1489B2072230AFDC00825C7B /* Release */,
			);
			defaultConfigurationIsVisible = 0;
			defaultConfigurationName = Release;
		};
		1489B2082230AFDC00825C7B /* Build configuration list for PBXNativeTarget "XAspect" */ = {
			isa = XCConfigurationList;
			buildConfigurations = (
				1489B2092230AFDC00825C7B /* Debug */,
				1489B20A2230AFDC00825C7B /* Release */,
			);
			defaultConfigurationIsVisible = 0;
			defaultConfigurationName = Release;
		};
		1489B25A2230C1DD00825C7B /* Build configuration list for PBXNativeTarget "XAspectDemo" */ = {
			isa = XCConfigurationList;
			buildConfigurations = (
				1489B2562230C1DD00825C7B /* Debug */,
				1489B2572230C1DD00825C7B /* Release */,
			);
			defaultConfigurationIsVisible = 0;
			defaultConfigurationName = Release;
		};
		1489B25B2230C1DD00825C7B /* Build configuration list for PBXNativeTarget "XAspectDemoUITests" */ = {
			isa = XCConfigurationList;
			buildConfigurations = (
				1489B2582230C1DD00825C7B /* Debug */,
				1489B2592230C1DD00825C7B /* Release */,
			);
			defaultConfigurationIsVisible = 0;
			defaultConfigurationName = Release;
		};
/* End XCConfigurationList section */
	};
	rootObject = 1489B1F72230AFDC00825C7B /* Project object */;
}
